
Microsoft Visual Studio Solution File, Format Version 12.00
# Visual Studio Version 17
VisualStudioVersion = 17.0.32014.148
MinimumVisualStudioVersion = 10.0.40219.1
Project("{9A19103F-16F7-4668-BE54-9A1E7A4F7556}") = "EmailSender.API", "EmailSender\EmailSender.API.csproj", "{03C21E55-2765-44DB-BF6D-4732421666CA}"
EndProject
Project("{9A19103F-16F7-4668-BE54-9A1E7A4F7556}") = "EmailSender.Models", "EmailSender.Models\EmailSender.Models.csproj", "{DF845704-62AC-4416-8791-184BAEC6557B}"
EndProject
Project("{9A19103F-16F7-4668-BE54-9A1E7A4F7556}") = "EmailSender.Shared", "EmailSender.Shared\EmailSender.Shared.csproj", "{358C546F-286E-48B9-8D75-9687A19CB4D1}"
EndProject
Project("{9A19103F-16F7-4668-BE54-9A1E7A4F7556}") = "EmailSender.Core", "EmailSender.Core\EmailSender.Core.csproj", "{49C45443-EADD-49E5-B3CC-5DB8483ECD5D}"
EndProject
Project("{9A19103F-16F7-4668-BE54-9A1E7A4F7556}") = "EmailSender.Infrastructure", "EmailSender.Infrastructure\EmailSender.Infrastructure.csproj", "{8DA0393C-B349-4A42-96CD-177713896114}"
EndProject
Global
	GlobalSection(SolutionConfigurationPlatforms) = preSolution
		Debug|Any CPU = Debug|Any CPU
		Release|Any CPU = Release|Any CPU
	EndGlobalSection
	GlobalSection(ProjectConfigurationPlatforms) = postSolution
		{03C21E55-2765-44DB-BF6D-4732421666CA}.Debug|Any CPU.ActiveCfg = Debug|Any CPU
		{03C21E55-2765-44DB-BF6D-4732421666CA}.Debug|Any CPU.Build.0 = Debug|Any CPU
		{03C21E55-2765-44DB-BF6D-4732421666CA}.Release|Any CPU.ActiveCfg = Release|Any CPU
		{03C21E55-2765-44DB-BF6D-4732421666CA}.Release|Any CPU.Build.0 = Release|Any CPU
		{DF845704-62AC-4416-8791-184BAEC6557B}.Debug|Any CPU.ActiveCfg = Debug|Any CPU
		{DF845704-62AC-4416-8791-184BAEC6557B}.Debug|Any CPU.Build.0 = Debug|Any CPU
		{DF845704-62AC-4416-8791-184BAEC6557B}.Release|Any CPU.ActiveCfg = Release|Any CPU
		{DF845704-62AC-4416-8791-184BAEC6557B}.Release|Any CPU.Build.0 = Release|Any CPU
		{358C546F-286E-48B9-8D75-9687A19CB4D1}.Debug|Any CPU.ActiveCfg = Debug|Any CPU
		{358C546F-286E-48B9-8D75-9687A19CB4D1}.Debug|Any CPU.Build.0 = Debug|Any CPU
		{358C546F-286E-48B9-8D75-9687A19CB4D1}.Release|Any CPU.ActiveCfg = Release|Any CPU
		{358C546F-286E-48B9-8D75-9687A19CB4D1}.Release|Any CPU.Build.0 = Release|Any CPU
		{49C45443-EADD-49E5-B3CC-5DB8483ECD5D}.Debug|Any CPU.ActiveCfg = Debug|Any CPU
		{49C45443-EADD-49E5-B3CC-5DB8483ECD5D}.Debug|Any CPU.Build.0 = Debug|Any CPU
		{49C45443-EADD-49E5-B3CC-5DB8483ECD5D}.Release|Any CPU.ActiveCfg = Release|Any CPU
		{49C45443-EADD-49E5-B3CC-5DB8483ECD5D}.Release|Any CPU.Build.0 = Release|Any CPU
		{8DA0393C-B349-4A42-96CD-177713896114}.Debug|Any CPU.ActiveCfg = Debug|Any CPU
		{8DA0393C-B349-4A42-96CD-177713896114}.Debug|Any CPU.Build.0 = Debug|Any CPU
		{8DA0393C-B349-4A42-96CD-177713896114}.Release|Any CPU.ActiveCfg = Release|Any CPU
		{8DA0393C-B349-4A42-96CD-177713896114}.Release|Any CPU.Build.0 = Release|Any CPU
	EndGlobalSection
	GlobalSection(SolutionProperties) = preSolution
		HideSolutionNode = FALSE
	EndGlobalSection
	GlobalSection(ExtensibilityGlobals) = postSolution
		SolutionGuid = {0A1D8A11-C4E7-426F-B422-94DF269F3B4B}
	EndGlobalSection
EndGlobal
